
Microsoft Visual Studio Solution File, Format Version 12.00
# Visual Studio Version 17
VisualStudioVersion = 17.0.31919.166
MinimumVisualStudioVersion = 10.0.40219.1
Project("{9A19103F-16F7-4668-BE54-9A1E7A4F7556}") = "FakeAuth", "src\FakeAuth\FakeAuth.csproj", "{44099671-717D-4E1E-A862-C85967B5E4D7}"
EndProject
Project("{2150E333-8FDC-42A3-9474-1A3956D46DE8}") = "Solution Items", "Solution Items", "{0AB8DA94-EC1F-4334-B334-41B052DD98CB}"
	ProjectSection(SolutionItems) = preProject
		.editorconfig = .editorconfig
		.gitattributes = .gitattributes
		.gitignore = .gitignore
		Build.ps1 = Build.ps1
		.github\workflows\ci.yml = .github\workflows\ci.yml
		Directory.Build.props = Directory.Build.props
		LICENSE = LICENSE
		NuGet.Config = NuGet.Config
		Push.ps1 = Push.ps1
		README.md = README.md
		.github\workflows\release.yml = .github\workflows\release.yml
	EndProjectSection
EndProject
Project("{9A19103F-16F7-4668-BE54-9A1E7A4F7556}") = "FakeAuth.SampleWeb", "src\Samples\FakeAuth.SampleWeb\FakeAuth.SampleWeb.csproj", "{E03D4241-CA57-4DBB-A087-0F9558B84F69}"
EndProject
Project("{2150E333-8FDC-42A3-9474-1A3956D46DE8}") = "Samples", "Samples", "{91A40EAF-50BB-4778-AC9D-5D62B7BFD93E}"
EndProject
Project("{9A19103F-16F7-4668-BE54-9A1E7A4F7556}") = "nuget.SampleWeb3.1", "src\Samples\nuget.SampleWeb3.1\nuget.SampleWeb3.1.csproj", "{098AD5EA-B8A5-41D2-9913-E610E9C8A916}"
EndProject
Project("{9A19103F-16F7-4668-BE54-9A1E7A4F7556}") = "nuget.SampleWeb5.0", "src\Samples\nuget.SampleWeb5.0\nuget.SampleWeb5.0.csproj", "{E470DE5C-0B00-42F0-A3EB-495832C7A6F2}"
EndProject
Project("{9A19103F-16F7-4668-BE54-9A1E7A4F7556}") = "nuget.SampleWeb6.0", "src\Samples\nuget.SampleWeb6.0\nuget.SampleWeb6.0.csproj", "{2D6F9262-594F-459B-984B-5ABD0B173B24}"
EndProject
Project("{FAE04EC0-301F-11D3-BF4B-00C04F79EFBC}") = "intigrationtests.SampleWeb", "src\Samples\intigrationtests.SampleWeb\intigrationtests.SampleWeb.csproj", "{44B85AA2-F2E0-4A26-8922-2D0AA2C66184}"
EndProject
Project("{FAE04EC0-301F-11D3-BF4B-00C04F79EFBC}") = "FakeAuth.IntegrationTests", "src\Tests\FakeAuth.IntegrationTests\FakeAuth.IntegrationTests.csproj", "{E254C5F7-0593-41CE-98BE-9B4D5037C382}"
EndProject
Global
	GlobalSection(SolutionConfigurationPlatforms) = preSolution
		Debug|Any CPU = Debug|Any CPU
		Release|Any CPU = Release|Any CPU
	EndGlobalSection
	GlobalSection(ProjectConfigurationPlatforms) = postSolution
		{44099671-717D-4E1E-A862-C85967B5E4D7}.Debug|Any CPU.ActiveCfg = Debug|Any CPU
		{44099671-717D-4E1E-A862-C85967B5E4D7}.Debug|Any CPU.Build.0 = Debug|Any CPU
		{44099671-717D-4E1E-A862-C85967B5E4D7}.Release|Any CPU.ActiveCfg = Release|Any CPU
		{44099671-717D-4E1E-A862-C85967B5E4D7}.Release|Any CPU.Build.0 = Release|Any CPU
		{E03D4241-CA57-4DBB-A087-0F9558B84F69}.Debug|Any CPU.ActiveCfg = Debug|Any CPU
		{E03D4241-CA57-4DBB-A087-0F9558B84F69}.Debug|Any CPU.Build.0 = Debug|Any CPU
		{E03D4241-CA57-4DBB-A087-0F9558B84F69}.Release|Any CPU.ActiveCfg = Release|Any CPU
		{E03D4241-CA57-4DBB-A087-0F9558B84F69}.Release|Any CPU.Build.0 = Release|Any CPU
		{098AD5EA-B8A5-41D2-9913-E610E9C8A916}.Debug|Any CPU.ActiveCfg = Debug|Any CPU
		{098AD5EA-B8A5-41D2-9913-E610E9C8A916}.Debug|Any CPU.Build.0 = Debug|Any CPU
		{098AD5EA-B8A5-41D2-9913-E610E9C8A916}.Release|Any CPU.ActiveCfg = Release|Any CPU
		{098AD5EA-B8A5-41D2-9913-E610E9C8A916}.Release|Any CPU.Build.0 = Release|Any CPU
		{E470DE5C-0B00-42F0-A3EB-495832C7A6F2}.Debug|Any CPU.ActiveCfg = Debug|Any CPU
		{E470DE5C-0B00-42F0-A3EB-495832C7A6F2}.Debug|Any CPU.Build.0 = Debug|Any CPU
		{E470DE5C-0B00-42F0-A3EB-495832C7A6F2}.Release|Any CPU.ActiveCfg = Release|Any CPU
		{E470DE5C-0B00-42F0-A3EB-495832C7A6F2}.Release|Any CPU.Build.0 = Release|Any CPU
		{2D6F9262-594F-459B-984B-5ABD0B173B24}.Debug|Any CPU.ActiveCfg = Debug|Any CPU
		{2D6F9262-594F-459B-984B-5ABD0B173B24}.Debug|Any CPU.Build.0 = Debug|Any CPU
		{2D6F9262-594F-459B-984B-5ABD0B173B24}.Release|Any CPU.ActiveCfg = Release|Any CPU
		{2D6F9262-594F-459B-984B-5ABD0B173B24}.Release|Any CPU.Build.0 = Release|Any CPU
		{44B85AA2-F2E0-4A26-8922-2D0AA2C66184}.Debug|Any CPU.ActiveCfg = Debug|Any CPU
		{44B85AA2-F2E0-4A26-8922-2D0AA2C66184}.Debug|Any CPU.Build.0 = Debug|Any CPU
		{44B85AA2-F2E0-4A26-8922-2D0AA2C66184}.Release|Any CPU.ActiveCfg = Release|Any CPU
		{44B85AA2-F2E0-4A26-8922-2D0AA2C66184}.Release|Any CPU.Build.0 = Release|Any CPU
		{E254C5F7-0593-41CE-98BE-9B4D5037C382}.Debug|Any CPU.ActiveCfg = Debug|Any CPU
		{E254C5F7-0593-41CE-98BE-9B4D5037C382}.Debug|Any CPU.Build.0 = Debug|Any CPU
		{E254C5F7-0593-41CE-98BE-9B4D5037C382}.Release|Any CPU.ActiveCfg = Release|Any CPU
		{E254C5F7-0593-41CE-98BE-9B4D5037C382}.Release|Any CPU.Build.0 = Release|Any CPU
	EndGlobalSection
	GlobalSection(SolutionProperties) = preSolution
		HideSolutionNode = FALSE
	EndGlobalSection
	GlobalSection(NestedProjects) = preSolution
		{E03D4241-CA57-4DBB-A087-0F9558B84F69} = {91A40EAF-50BB-4778-AC9D-5D62B7BFD93E}
		{098AD5EA-B8A5-41D2-9913-E610E9C8A916} = {91A40EAF-50BB-4778-AC9D-5D62B7BFD93E}
		{E470DE5C-0B00-42F0-A3EB-495832C7A6F2} = {91A40EAF-50BB-4778-AC9D-5D62B7BFD93E}
		{2D6F9262-594F-459B-984B-5ABD0B173B24} = {91A40EAF-50BB-4778-AC9D-5D62B7BFD93E}
		{44B85AA2-F2E0-4A26-8922-2D0AA2C66184} = {91A40EAF-50BB-4778-AC9D-5D62B7BFD93E}
		{E254C5F7-0593-41CE-98BE-9B4D5037C382} = {91A40EAF-50BB-4778-AC9D-5D62B7BFD93E}
	EndGlobalSection
	GlobalSection(ExtensibilityGlobals) = postSolution
		SolutionGuid = {65C62345-685E-4FAD-B784-CD8CCE38856E}
	EndGlobalSection
EndGlobal
